
Microsoft Visual Studio Solution File, Format Version 12.00
# Visual Studio 15
VisualStudioVersion = 15.0.27130.2027
MinimumVisualStudioVersion = 10.0.40219.1
Project("{9A19103F-16F7-4668-BE54-9A1E7A4F7556}") = "Survey.Webapi", "Survey.Webapi\Survey.Webapi.csproj", "{B18B421D-709A-46C6-9FC5-CEFA48CC6474}"
EndProject
Project("{9A19103F-16F7-4668-BE54-9A1E7A4F7556}") = "Survey.Spa", "Survey.Spa\Survey.Spa.csproj", "{D18912BE-A553-4BAF-A47A-82267E32E053}"
EndProject
Project("{00D1A9C2-B5F0-4AF3-8072-F6C62B433612}") = "Survey.Database", "Survey.Database\Survey.Database.sqlproj", "{9FD31FA7-A211-4106-B1D5-4A9A9B52846B}"
EndProject
Global
	GlobalSection(SolutionConfigurationPlatforms) = preSolution
		Debug|Any CPU = Debug|Any CPU
		Release|Any CPU = Release|Any CPU
	EndGlobalSection
	GlobalSection(ProjectConfigurationPlatforms) = postSolution
		{B18B421D-709A-46C6-9FC5-CEFA48CC6474}.Debug|Any CPU.ActiveCfg = Debug|Any CPU
		{B18B421D-709A-46C6-9FC5-CEFA48CC6474}.Debug|Any CPU.Build.0 = Debug|Any CPU
		{B18B421D-709A-46C6-9FC5-CEFA48CC6474}.Release|Any CPU.ActiveCfg = Release|Any CPU
		{B18B421D-709A-46C6-9FC5-CEFA48CC6474}.Release|Any CPU.Build.0 = Release|Any CPU
		{D18912BE-A553-4BAF-A47A-82267E32E053}.Debug|Any CPU.ActiveCfg = Debug|Any CPU
		{D18912BE-A553-4BAF-A47A-82267E32E053}.Debug|Any CPU.Build.0 = Debug|Any CPU
		{D18912BE-A553-4BAF-A47A-82267E32E053}.Release|Any CPU.ActiveCfg = Release|Any CPU
		{D18912BE-A553-4BAF-A47A-82267E32E053}.Release|Any CPU.Build.0 = Release|Any CPU
		{9FD31FA7-A211-4106-B1D5-4A9A9B52846B}.Debug|Any CPU.ActiveCfg = Debug|Any CPU
		{9FD31FA7-A211-4106-B1D5-4A9A9B52846B}.Debug|Any CPU.Build.0 = Debug|Any CPU
		{9FD31FA7-A211-4106-B1D5-4A9A9B52846B}.Debug|Any CPU.Deploy.0 = Debug|Any CPU
		{9FD31FA7-A211-4106-B1D5-4A9A9B52846B}.Release|Any CPU.ActiveCfg = Release|Any CPU
		{9FD31FA7-A211-4106-B1D5-4A9A9B52846B}.Release|Any CPU.Build.0 = Release|Any CPU
		{9FD31FA7-A211-4106-B1D5-4A9A9B52846B}.Release|Any CPU.Deploy.0 = Release|Any CPU
	EndGlobalSection
	GlobalSection(SolutionProperties) = preSolution
		HideSolutionNode = FALSE
	EndGlobalSection
	GlobalSection(ExtensibilityGlobals) = postSolution
		SolutionGuid = {B7EAE38F-19DC-48B2-A9DF-4C9A4A791009}
	EndGlobalSection
EndGlobal
