
Microsoft Visual Studio Solution File, Format Version 12.00
# Visual Studio 15
VisualStudioVersion = 15.0.27130.2027
MinimumVisualStudioVersion = 10.0.40219.1
Project("{9A19103F-16F7-4668-BE54-9A1E7A4F7556}") = "IdentityServer.Webapi", "IdentityServer.Webapi\IdentityServer.Webapi.csproj", "{7A96272F-DB06-453E-BA40-9B426E85C429}"
EndProject
Project("{00D1A9C2-B5F0-4AF3-8072-F6C62B433612}") = "IdentityServer.Database", "IdentityServer.Database\IdentityServer.Database.sqlproj", "{CF1F4E76-3429-4AFC-8282-41296557C69A}"
EndProject
Global
	GlobalSection(SolutionConfigurationPlatforms) = preSolution
		Debug|Any CPU = Debug|Any CPU
		Release|Any CPU = Release|Any CPU
	EndGlobalSection
	GlobalSection(ProjectConfigurationPlatforms) = postSolution
		{7A96272F-DB06-453E-BA40-9B426E85C429}.Debug|Any CPU.ActiveCfg = Debug|Any CPU
		{7A96272F-DB06-453E-BA40-9B426E85C429}.Debug|Any CPU.Build.0 = Debug|Any CPU
		{7A96272F-DB06-453E-BA40-9B426E85C429}.Release|Any CPU.ActiveCfg = Release|Any CPU
		{7A96272F-DB06-453E-BA40-9B426E85C429}.Release|Any CPU.Build.0 = Release|Any CPU
		{CF1F4E76-3429-4AFC-8282-41296557C69A}.Debug|Any CPU.ActiveCfg = Debug|Any CPU
		{CF1F4E76-3429-4AFC-8282-41296557C69A}.Debug|Any CPU.Build.0 = Debug|Any CPU
		{CF1F4E76-3429-4AFC-8282-41296557C69A}.Debug|Any CPU.Deploy.0 = Debug|Any CPU
		{CF1F4E76-3429-4AFC-8282-41296557C69A}.Release|Any CPU.ActiveCfg = Release|Any CPU
		{CF1F4E76-3429-4AFC-8282-41296557C69A}.Release|Any CPU.Build.0 = Release|Any CPU
		{CF1F4E76-3429-4AFC-8282-41296557C69A}.Release|Any CPU.Deploy.0 = Release|Any CPU
	EndGlobalSection
	GlobalSection(SolutionProperties) = preSolution
		HideSolutionNode = FALSE
	EndGlobalSection
	GlobalSection(ExtensibilityGlobals) = postSolution
		SolutionGuid = {299DA73E-A338-45E6-88C7-251F71ABD915}
	EndGlobalSection
EndGlobal
